
Microsoft Visual Studio Solution File, Format Version 12.00
# Visual Studio 14
VisualStudioVersion = 14.0.25123.0
MinimumVisualStudioVersion = 10.0.40219.1
Project("{FAE04EC0-301F-11D3-BF4B-00C04F79EFBC}") = "Lesson2", "Lesson2\Lesson2.csproj", "{8A12FBE1-2549-4834-9E43-A0D6C93D4DD7}"
EndProject
Project("{FAE04EC0-301F-11D3-BF4B-00C04F79EFBC}") = "BLL", "BLL\BLL.csproj", "{73B1CBF6-CCF1-44AC-89E0-1F3168FA4FF4}"
EndProject
Project("{FAE04EC0-301F-11D3-BF4B-00C04F79EFBC}") = "DAL", "DAL\DAL.csproj", "{F51CD0F7-A4DC-44AC-A82F-E91070B12966}"
EndProject
Global
	GlobalSection(SolutionConfigurationPlatforms) = preSolution
		Debug|Any CPU = Debug|Any CPU
		Release|Any CPU = Release|Any CPU
	EndGlobalSection
	GlobalSection(ProjectConfigurationPlatforms) = postSolution
		{8A12FBE1-2549-4834-9E43-A0D6C93D4DD7}.Debug|Any CPU.ActiveCfg = Debug|Any CPU
		{8A12FBE1-2549-4834-9E43-A0D6C93D4DD7}.Debug|Any CPU.Build.0 = Debug|Any CPU
		{8A12FBE1-2549-4834-9E43-A0D6C93D4DD7}.Release|Any CPU.ActiveCfg = Release|Any CPU
		{8A12FBE1-2549-4834-9E43-A0D6C93D4DD7}.Release|Any CPU.Build.0 = Release|Any CPU
		{73B1CBF6-CCF1-44AC-89E0-1F3168FA4FF4}.Debug|Any CPU.ActiveCfg = Debug|Any CPU
		{73B1CBF6-CCF1-44AC-89E0-1F3168FA4FF4}.Debug|Any CPU.Build.0 = Debug|Any CPU
		{73B1CBF6-CCF1-44AC-89E0-1F3168FA4FF4}.Release|Any CPU.ActiveCfg = Release|Any CPU
		{73B1CBF6-CCF1-44AC-89E0-1F3168FA4FF4}.Release|Any CPU.Build.0 = Release|Any CPU
		{F51CD0F7-A4DC-44AC-A82F-E91070B12966}.Debug|Any CPU.ActiveCfg = Debug|Any CPU
		{F51CD0F7-A4DC-44AC-A82F-E91070B12966}.Debug|Any CPU.Build.0 = Debug|Any CPU
		{F51CD0F7-A4DC-44AC-A82F-E91070B12966}.Release|Any CPU.ActiveCfg = Release|Any CPU
		{F51CD0F7-A4DC-44AC-A82F-E91070B12966}.Release|Any CPU.Build.0 = Release|Any CPU
	EndGlobalSection
	GlobalSection(SolutionProperties) = preSolution
		HideSolutionNode = FALSE
	EndGlobalSection
EndGlobal
